
Microsoft Visual Studio Solution File, Format Version 12.00
# Visual Studio Version 16
VisualStudioVersion = 16.0.31005.135
MinimumVisualStudioVersion = 10.0.40219.1
Project("{8BC9CEB8-8B4A-11D0-8D11-00A0C91BC942}") = "Assignment9_SortingMethods", "Assignment9_SortingMethods.vcxproj", "{7C83CFC3-C24F-43FA-8333-FC0C778D94E2}"
EndProject
Global
	GlobalSection(SolutionConfigurationPlatforms) = preSolution
		Debug|x64 = Debug|x64
		Debug|x86 = Debug|x86
		Release|x64 = Release|x64
		Release|x86 = Release|x86
	EndGlobalSection
	GlobalSection(ProjectConfigurationPlatforms) = postSolution
		{7C83CFC3-C24F-43FA-8333-FC0C778D94E2}.Debug|x64.ActiveCfg = Debug|x64
		{7C83CFC3-C24F-43FA-8333-FC0C778D94E2}.Debug|x64.Build.0 = Debug|x64
		{7C83CFC3-C24F-43FA-8333-FC0C778D94E2}.Debug|x86.ActiveCfg = Debug|Win32
		{7C83CFC3-C24F-43FA-8333-FC0C778D94E2}.Debug|x86.Build.0 = Debug|Win32
		{7C83CFC3-C24F-43FA-8333-FC0C778D94E2}.Release|x64.ActiveCfg = Release|x64
		{7C83CFC3-C24F-43FA-8333-FC0C778D94E2}.Release|x64.Build.0 = Release|x64
		{7C83CFC3-C24F-43FA-8333-FC0C778D94E2}.Release|x86.ActiveCfg = Release|Win32
		{7C83CFC3-C24F-43FA-8333-FC0C778D94E2}.Release|x86.Build.0 = Release|Win32
	EndGlobalSection
	GlobalSection(SolutionProperties) = preSolution
		HideSolutionNode = FALSE
	EndGlobalSection
	GlobalSection(ExtensibilityGlobals) = postSolution
		SolutionGuid = {BCAE0C39-6711-42E0-91E2-7DC17C32BAE5}
	EndGlobalSection
EndGlobal
