
Microsoft Visual Studio Solution File, Format Version 12.00
# Visual Studio Version 16
VisualStudioVersion = 16.0.29306.81
MinimumVisualStudioVersion = 10.0.40219.1
Project("{8BC9CEB8-8B4A-11D0-8D11-00A0C91BC942}") = "LabC-String", "LabC-String.vcxproj", "{49BE68D9-92B7-44B4-A9E3-6400DA8220BE}"
EndProject
Global
	GlobalSection(SolutionConfigurationPlatforms) = preSolution
		Debug|x64 = Debug|x64
		Debug|x86 = Debug|x86
		Release|x64 = Release|x64
		Release|x86 = Release|x86
	EndGlobalSection
	GlobalSection(ProjectConfigurationPlatforms) = postSolution
		{49BE68D9-92B7-44B4-A9E3-6400DA8220BE}.Debug|x64.ActiveCfg = Debug|x64
		{49BE68D9-92B7-44B4-A9E3-6400DA8220BE}.Debug|x64.Build.0 = Debug|x64
		{49BE68D9-92B7-44B4-A9E3-6400DA8220BE}.Debug|x86.ActiveCfg = Debug|Win32
		{49BE68D9-92B7-44B4-A9E3-6400DA8220BE}.Debug|x86.Build.0 = Debug|Win32
		{49BE68D9-92B7-44B4-A9E3-6400DA8220BE}.Release|x64.ActiveCfg = Release|x64
		{49BE68D9-92B7-44B4-A9E3-6400DA8220BE}.Release|x64.Build.0 = Release|x64
		{49BE68D9-92B7-44B4-A9E3-6400DA8220BE}.Release|x86.ActiveCfg = Release|Win32
		{49BE68D9-92B7-44B4-A9E3-6400DA8220BE}.Release|x86.Build.0 = Release|Win32
	EndGlobalSection
	GlobalSection(SolutionProperties) = preSolution
		HideSolutionNode = FALSE
	EndGlobalSection
	GlobalSection(ExtensibilityGlobals) = postSolution
		SolutionGuid = {B3595E64-EA9E-4D5F-8E51-4D8A89D69D15}
	EndGlobalSection
EndGlobal
